// !$*UTF8*$!
{
	archiveVersion = 1;
	classes = {
	};
	objectVersion = 46;
	objects = {

/* Begin PBXBuildFile section */
		AE9A1EE11DF73E530024C09E /* AppDelegate.swift in Sources */ = {isa = PBXBuildFile; fileRef = AE9A1EE01DF73E530024C09E /* AppDelegate.swift */; };
		AE9A1EE31DF73E530024C09E /* ViewController.swift in Sources */ = {isa = PBXBuildFile; fileRef = AE9A1EE21DF73E530024C09E /* ViewController.swift */; };
		AE9A1EE61DF73E530024C09E /* Main.storyboard in Resources */ = {isa = PBXBuildFile; fileRef = AE9A1EE41DF73E530024C09E /* Main.storyboard */; };
		AE9A1EE81DF73E530024C09E /* Assets.xcassets in Resources */ = {isa = PBXBuildFile; fileRef = AE9A1EE71DF73E530024C09E /* Assets.xcassets */; };
		AE9A1EEB1DF73E530024C09E /* LaunchScreen.storyboard in Resources */ = {isa = PBXBuildFile; fileRef = AE9A1EE91DF73E530024C09E /* LaunchScreen.storyboard */; };
/* End PBXBuildFile section */

/* Begin PBXFileReference section */
		AE9A1EDD1DF73E530024C09E /* DestroyingtheWorld.app */ = {isa = PBXFileReference; explicitFileType = wrapper.application; includeInIndex = 0; path = DestroyingtheWorld.app; sourceTree = BUILT_PRODUCTS_DIR; };
		AE9A1EE01DF73E530024C09E /* AppDelegate.swift */ = {isa = PBXFileReference; lastKnownFileType = sourcecode.swift; path = AppDelegate.swift; sourceTree = "<group>"; };
		AE9A1EE21DF73E530024C09E /* ViewController.swift */ = {isa = PBXFileReference; lastKnownFileType = sourcecode.swift; path = ViewController.swift; sourceTree = "<group>"; };
		AE9A1EE51DF73E530024C09E /* Base */ = {isa = PBXFileReference; lastKnownFileType = file.storyboard; name = Base; path = Base.lproj/Main.storyboard; sourceTree = "<group>"; };
		AE9A1EE71DF73E530024C09E /* Assets.xcassets */ = {isa = PBXFileReference; lastKnownFileType = folder.assetcatalog; path = Assets.xcassets; sourceTree = "<group>"; };
		AE9A1EEA1DF73E530024C09E /* Base */ = {isa = PBXFileReference; lastKnownFileType = file.storyboard; name = Base; path = Base.lproj/LaunchScreen.storyboard; sourceTree = "<group>"; };
		AE9A1EEC1DF73E530024C09E /* Info.plist */ = {isa = PBXFileReference; lastKnownFileType = text.plist.xml; path = Info.plist; sourceTree = "<group>"; };
/* End PBXFileReference section */

/* Begin PBXFrameworksBuildPhase section */
		AE9A1EDA1DF73E530024C09E /* Frameworks */ = {
			isa = PBXFrameworksBuildPhase;
			buildActionMask = 2147483647;
			files = (
			);
			runOnlyForDeploymentPostprocessing = 0;
		};
/* End PBXFrameworksBuildPhase section */

/* Begin PBXGroup section */
		AE9A1ED41DF73E530024C09E = {
			isa = PBXGroup;
			children = (
				AE9A1EDF1DF73E530024C09E /* DestroyingtheWorld */,
				AE9A1EDE1DF73E530024C09E /* Products */,
			);
			sourceTree = "<group>";
		};
		AE9A1EDE1DF73E530024C09E /* Products */ = {
			isa = PBXGroup;
			children = (
				AE9A1EDD1DF73E530024C09E /* DestroyingtheWorld.app */,
			);
			name = Products;
			sourceTree = "<group>";
		};
		AE9A1EDF1DF73E530024C09E /* DestroyingtheWorld */ = {
			isa = PBXGroup;
			children = (
				AE9A1EE01DF73E530024C09E /* AppDelegate.swift */,
				AE9A1EE21DF73E530024C09E /* ViewController.swift */,
				AE9A1EE41DF73E530024C09E /* Main.storyboard */,
				AE9A1EE71DF73E530024C09E /* Assets.xcassets */,
				AE9A1EE91DF73E530024C09E /* LaunchScreen.storyboard */,
				AE9A1EEC1DF73E530024C09E /* Info.plist */,
			);
			path = DestroyingtheWorld;
			sourceTree = "<group>";
		};
/* End PBXGroup section */

/* Begin PBXNativeTarget section */
		AE9A1EDC1DF73E530024C09E /* DestroyingtheWorld */ = {
			isa = PBXNativeTarget;
			buildConfigurationList = AE9A1EEF1DF73E530024C09E /* Build configuration list for PBXNativeTarget "DestroyingtheWorld" */;
			buildPhases = (
				AE9A1ED91DF73E530024C09E /* Sources */,
				AE9A1EDA1DF73E530024C09E /* Frameworks */,
				AE9A1EDB1DF73E530024C09E /* Resources */,
			);
			buildRules = (
			);
			dependencies = (
			);
			name = DestroyingtheWorld;
			productName = DestroyingtheWorld;
			productReference = AE9A1EDD1DF73E530024C09E /* DestroyingtheWorld.app */;
			productType = "com.apple.product-type.application";
		};
/* End PBXNativeTarget section */

/* Begin PBXProject section */
		AE9A1ED51DF73E530024C09E /* Project object */ = {
			isa = PBXProject;
			attributes = {
				LastSwiftUpdateCheck = 0800;
				LastUpgradeCheck = 0800;
				ORGANIZATIONNAME = "Taylor Shabani ";
				TargetAttributes = {
					AE9A1EDC1DF73E530024C09E = {
						CreatedOnToolsVersion = 8.0;
						DevelopmentTeam = 869UV73AWT;
						ProvisioningStyle = Automatic;
					};
				};
			};
			buildConfigurationList = AE9A1ED81DF73E530024C09E /* Build configuration list for PBXProject "DestroyingtheWorld" */;
			compatibilityVersion = "Xcode 3.2";
			developmentRegion = English;
			hasScannedForEncodings = 0;
			knownRegions = (
				en,
				Base,
			);
			mainGroup = AE9A1ED41DF73E530024C09E;
			productRefGroup = AE9A1EDE1DF73E530024C09E /* Products */;
			projectDirPath = "";
			projectRoot = "";
			targets = (
				AE9A1EDC1DF73E530024C09E /* DestroyingtheWorld */,
			);
		};
/* End PBXProject section */

/* Begin PBXResourcesBuildPhase section */
		AE9A1EDB1DF73E530024C09E /* Resources */ = {
			isa = PBXResourcesBuildPhase;
			buildActionMask = 2147483647;
			files = (
				AE9A1EEB1DF73E530024C09E /* LaunchScreen.storyboard in Resources */,
				AE9A1EE81DF73E530024C09E /* Assets.xcassets in Resources */,
				AE9A1EE61DF73E530024C09E /* Main.storyboard in Resources */,
			);
			runOnlyForDeploymentPostprocessing = 0;
		};
/* End PBXResourcesBuildPhase section */

/* Begin PBXSourcesBuildPhase section */
		AE9A1ED91DF73E530024C09E /* Sources */ = {
			isa = PBXSourcesBuildPhase;
			buildActionMask = 2147483647;
			files = (
				AE9A1EE31DF73E530024C09E /* ViewController.swift in Sources */,
				AE9A1EE11DF73E530024C09E /* AppDelegate.swift in Sources */,
			);
			runOnlyForDeploymentPostprocessing = 0;
		};
/* End PBXSourcesBuildPhase section */

/* Begin PBXVariantGroup section */
		AE9A1EE41DF73E530024C09E /* Main.storyboard */ = {
			isa = PBXVariantGroup;
			children = (
				AE9A1EE51DF73E530024C09E /* Base */,
			);
			name = Main.storyboard;
			sourceTree = "<group>";
		};
		AE9A1EE91DF73E530024C09E /* LaunchScreen.storyboard */ = {
			isa = PBXVariantGroup;
			children = (
				AE9A1EEA1DF73E530024C09E /* Base */,
			);
			name = LaunchScreen.storyboard;
			sourceTree = "<group>";
		};
/* End PBXVariantGroup section */

/* Begin XCBuildConfiguration section */
		AE9A1EED1DF73E530024C09E /* Debug */ = {
			isa = XCBuildConfiguration;
			buildSettings = {
				ALWAYS_SEARCH_USER_PATHS = NO;
				CLANG_ANALYZER_NONNULL = YES;
				CLANG_CXX_LANGUAGE_STANDARD = "gnu++0x";
				CLANG_CXX_LIBRARY = "libc++";
				CLANG_ENABLE_MODULES = YES;
				CLANG_ENABLE_OBJC_ARC = YES;
				CLANG_WARN_BOOL_CONVERSION = YES;
				CLANG_WARN_CONSTANT_CONVERSION = YES;
				CLANG_WARN_DIRECT_OBJC_ISA_USAGE = YES_ERROR;
				CLANG_WARN_DOCUMENTATION_COMMENTS = YES;
				CLANG_WARN_EMPTY_BODY = YES;
				CLANG_WARN_ENUM_CONVERSION = YES;
				CLANG_WARN_INFINITE_RECURSION = YES;
				CLANG_WARN_INT_CONVERSION = YES;
				CLANG_WARN_OBJC_ROOT_CLASS = YES_ERROR;
				CLANG_WARN_SUSPICIOUS_MOVES = YES;
				CLANG_WARN_UNREACHABLE_CODE = YES;
				CLANG_WARN__DUPLICATE_METHOD_MATCH = YES;
				"CODE_SIGN_IDENTITY[sdk=iphoneos*]" = "iPhone Developer";
				COPY_PHASE_STRIP = NO;
				DEBUG_INFORMATION_FORMAT = dwarf;
				ENABLE_STRICT_OBJC_MSGSEND = YES;
				ENABLE_TESTABILITY = YES;
				GCC_C_LANGUAGE_STANDARD = gnu99;
				GCC_DYNAMIC_NO_PIC = NO;
				GCC_NO_COMMON_BLOCKS = YES;
				GCC_OPTIMIZATION_LEVEL = 0;
				GCC_PREPROCESSOR_DEFINITIONS = (
					"DEBUG=1",
					"$(inherited)",
				);
				GCC_WARN_64_TO_32_BIT_CONVERSION = YES;
				GCC_WARN_ABOUT_RETURN_TYPE = YES_ERROR;
				GCC_WARN_UNDECLARED_SELECTOR = YES;
				GCC_WARN_UNINITIALIZED_AUTOS = YES_AGGRESSIVE;
				GCC_WARN_UNUSED_FUNCTION = YES;
				GCC_WARN_UNUSED_VARIABLE = YES;
				IPHONEOS_DEPLOYMENT_TARGET = 10.0;
				MTL_ENABLE_DEBUG_INFO = YES;
				ONLY_ACTIVE_ARCH = YES;
				SDKROOT = iphoneos;
				SWIFT_ACTIVE_COMPILATION_CONDITIONS = DEBUG;
				SWIFT_OPTIMIZATION_LEVEL = "-Onone";
				TARGETED_DEVICE_FAMILY = "1,2";
			};
			name = Debug;
		};
		AE9A1EEE1DF73E530024C09E /* Release */ = {
			isa = XCBuildConfiguration;
			buildSettings = {
				ALWAYS_SEARCH_USER_PATHS = NO;
				CLANG_ANALYZER_NONNULL = YES;
				CLANG_CXX_LANGUAGE_STANDARD = "gnu++0x";
				CLANG_CXX_LIBRARY = "libc++";
				CLANG_ENABLE_MODULES = YES;
				CLANG_ENABLE_OBJC_ARC = YES;
				CLANG_WARN_BOOL_CONVERSION = YES;
				CLANG_WARN_CONSTANT_CONVERSION = YES;
				CLANG_WARN_DIRECT_OBJC_ISA_USAGE = YES_ERROR;
				CLANG_WARN_DOCUMENTATION_COMMENTS = YES;
				CLANG_WARN_EMPTY_BODY = YES;
				CLANG_WARN_ENUM_CONVERSION = YES;
				CLANG_WARN_INFINITE_RECURSION = YES;
				CLANG_WARN_INT_CONVERSION = YES;
				CLANG_WARN_OBJC_ROOT_CLASS = YES_ERROR;
				CLANG_WARN_SUSPICIOUS_MOVES = YES;
				CLANG_WARN_UNREACHABLE_CODE = YES;
				CLANG_WARN__DUPLICATE_METHOD_MATCH = YES;
				"CODE_SIGN_IDENTITY[sdk=iphoneos*]" = "iPhone Developer";
				COPY_PHASE_STRIP = NO;
				DEBUG_INFORMATION_FORMAT = "dwarf-with-dsym";
				ENABLE_NS_ASSERTIONS = NO;
				ENABLE_STRICT_OBJC_MSGSEND = YES;
				GCC_C_LANGUAGE_STANDARD = gnu99;
				GCC_NO_COMMON_BLOCKS = YES;
				GCC_WARN_64_TO_32_BIT_CONVERSION = YES;
				GCC_WARN_ABOUT_RETURN_TYPE = YES_ERROR;
				GCC_WARN_UNDECLARED_SELECTOR = YES;
				GCC_WARN_UNINITIALIZED_AUTOS = YES_AGGRESSIVE;
				GCC_WARN_UNUSED_FUNCTION = YES;
				GCC_WARN_UNUSED_VARIABLE = YES;
				IPHONEOS_DEPLOYMENT_TARGET = 10.0;
				MTL_ENABLE_DEBUG_INFO = NO;
				SDKROOT = iphoneos;
				SWIFT_OPTIMIZATION_LEVEL = "-Owholemodule";
				TARGETED_DEVICE_FAMILY = "1,2";
				VALIDATE_PRODUCT = YES;
			};
			name = Release;
		};
		AE9A1EF01DF73E530024C09E /* Debug */ = {
			isa = XCBuildConfiguration;
			buildSettings = {
				ASSETCATALOG_COMPILER_APPICON_NAME = AppIcon;
				DEVELOPMENT_TEAM = 869UV73AWT;
				INFOPLIST_FILE = DestroyingtheWorld/Info.plist;
				LD_RUNPATH_SEARCH_PATHS = "$(inherited) @executable_path/Frameworks";
				PRODUCT_BUNDLE_IDENTIFIER = "tshabani9-gmail.com.DestroyingtheWorld";
				PRODUCT_NAME = "$(TARGET_NAME)";
				SWIFT_VERSION = 3.0;
			};
			name = Debug;
		};
		AE9A1EF11DF73E530024C09E /* Release */ = {
			isa = XCBuildConfiguration;
			buildSettings = {
				ASSETCATALOG_COMPILER_APPICON_NAME = AppIcon;
				DEVELOPMENT_TEAM = 869UV73AWT;
				INFOPLIST_FILE = DestroyingtheWorld/Info.plist;
				LD_RUNPATH_SEARCH_PATHS = "$(inherited) @executable_path/Frameworks";
				PRODUCT_BUNDLE_IDENTIFIER = "tshabani9-gmail.com.DestroyingtheWorld";
				PRODUCT_NAME = "$(TARGET_NAME)";
				SWIFT_VERSION = 3.0;
			};
			name = Release;
		};
/* End XCBuildConfiguration section */

/* Begin XCConfigurationList section */
		AE9A1ED81DF73E530024C09E /* Build configuration list for PBXProject "DestroyingtheWorld" */ = {
			isa = XCConfigurationList;
			buildConfigurations = (
				AE9A1EED1DF73E530024C09E /* Debug */,
				AE9A1EEE1DF73E530024C09E /* Release */,
			);
			defaultConfigurationIsVisible = 0;
			defaultConfigurationName = Release;
		};
		AE9A1EEF1DF73E530024C09E /* Build configuration list for PBXNativeTarget "DestroyingtheWorld" */ = {
			isa = XCConfigurationList;
			buildConfigurations = (
				AE9A1EF01DF73E530024C09E /* Debug */,
				AE9A1EF11DF73E530024C09E /* Release */,
			);
			defaultConfigurationIsVisible = 0;
		};
/* End XCConfigurationList section */
	};
	rootObject = AE9A1ED51DF73E530024C09E /* Project object */;
}
